
Microsoft Visual Studio Solution File, Format Version 12.00
# Visual Studio Version 16
VisualStudioVersion = 16.0.34114.132
MinimumVisualStudioVersion = 10.0.40219.1
Project("{FAE04EC0-301F-11D3-BF4B-00C04F79EFBC}") = "Calculator", "Calculator\Calculator.csproj", "{C1DEB501-059E-414F-B7D5-46AA2B6BF474}"
EndProject
Global
	GlobalSection(SolutionConfigurationPlatforms) = preSolution
		Debug|Any CPU = Debug|Any CPU
		Release|Any CPU = Release|Any CPU
	EndGlobalSection
	GlobalSection(ProjectConfigurationPlatforms) = postSolution
		{C1DEB501-059E-414F-B7D5-46AA2B6BF474}.Debug|Any CPU.ActiveCfg = Debug|Any CPU
		{C1DEB501-059E-414F-B7D5-46AA2B6BF474}.Debug|Any CPU.Build.0 = Debug|Any CPU
		{C1DEB501-059E-414F-B7D5-46AA2B6BF474}.Release|Any CPU.ActiveCfg = Release|Any CPU
		{C1DEB501-059E-414F-B7D5-46AA2B6BF474}.Release|Any CPU.Build.0 = Release|Any CPU
	EndGlobalSection
	GlobalSection(SolutionProperties) = preSolution
		HideSolutionNode = FALSE
	EndGlobalSection
	GlobalSection(ExtensibilityGlobals) = postSolution
		SolutionGuid = {97B7B51B-9E12-4D2B-AB80-5E1C557A8641}
	EndGlobalSection
EndGlobal
